
Microsoft Visual Studio Solution File, Format Version 12.00
# Visual Studio Version 16
VisualStudioVersion = 16.0.30907.101
MinimumVisualStudioVersion = 10.0.40219.1
Project("{9A19103F-16F7-4668-BE54-9A1E7A4F7556}") = "ContactList", "ContactLIst\ContactList.csproj", "{E237E9C6-48F6-448F-ABB2-4DA181828AB3}"
EndProject
Project("{2150E333-8FDC-42A3-9474-1A3956D46DE8}") = "Solution Items", "Solution Items", "{FD4C6C73-4CF0-4474-8CF5-F9F8AC462220}"
	ProjectSection(SolutionItems) = preProject
		contacts.txt = contacts.txt
	EndProjectSection
EndProject
Global
	GlobalSection(SolutionConfigurationPlatforms) = preSolution
		Debug|Any CPU = Debug|Any CPU
		Release|Any CPU = Release|Any CPU
	EndGlobalSection
	GlobalSection(ProjectConfigurationPlatforms) = postSolution
		{E237E9C6-48F6-448F-ABB2-4DA181828AB3}.Debug|Any CPU.ActiveCfg = Debug|Any CPU
		{E237E9C6-48F6-448F-ABB2-4DA181828AB3}.Debug|Any CPU.Build.0 = Debug|Any CPU
		{E237E9C6-48F6-448F-ABB2-4DA181828AB3}.Release|Any CPU.ActiveCfg = Release|Any CPU
		{E237E9C6-48F6-448F-ABB2-4DA181828AB3}.Release|Any CPU.Build.0 = Release|Any CPU
	EndGlobalSection
	GlobalSection(SolutionProperties) = preSolution
		HideSolutionNode = FALSE
	EndGlobalSection
	GlobalSection(ExtensibilityGlobals) = postSolution
		SolutionGuid = {A09954C3-EEF4-4B46-9577-4B32DD5E2AF0}
	EndGlobalSection
EndGlobal
